lockVersion: 2.0.0
id: 04fef57e-6848-4134-98a3-bbb06ab72a5b
management:
  docChecksum: 0411242429f73de7fff0ffe36881e327
  docVersion: "1.0"
  speakeasyVersion: 1.227.0
  generationVersion: 2.291.0
  releaseVersion: 0.14.2
  configChecksum: 31b415badef837bb6159b73227afb278
  repoURL: https://github.com/speakeasy-sdks/calculator.git
  repoSubDirectory: .
  installationURL: https://github.com/speakeasy-sdks/calculator.git
features:
  python:
    core: 4.5.2
    globalServerURLs: 2.82.2
    responseFormat: 0.1.0
generatedFiles:
  - src/calculator/sdkconfiguration.py
  - src/calculator/simple_calculator.py
  - src/calculator/sdk.py
  - py.typed
  - pylintrc
  - setup.py
  - src/calculator/__init__.py
  - src/calculator/utils/__init__.py
  - src/calculator/utils/retries.py
  - src/calculator/utils/utils.py
  - src/calculator/models/errors/sdkerror.py
  - tests/helpers.py
  - src/calculator/models/operations/calculate.py
  - src/calculator/models/shared/operationtype.py
  - src/calculator/models/__init__.py
  - src/calculator/models/errors/__init__.py
  - src/calculator/models/operations/__init__.py
  - src/calculator/models/shared/__init__.py
  - docs/models/operations/calculaterequest.md
  - docs/models/operations/calculateresponse.md
  - docs/models/shared/operationtype.md
  - docs/sdks/calculator/README.md
  - docs/sdks/simplecalculator/README.md
  - USAGE.md
  - .gitattributes
  - src/calculator/_hooks/sdkhooks.py
  - src/calculator/_hooks/types.py
  - src/calculator/_hooks/__init__.py
